{
  "name": "f27a05a5c3c9c53d",
  "lockfileVersion": 3,
  "requires": true,
  "packages": {
    "": {
      "dependencies": {
        "@shopify/create-app": "^3.63.1"
      }
    },
    "node_modules/@shopify/create-app": {
      "version": "3.63.1",
      "resolved": "https://registry.npmjs.org/@shopify/create-app/-/create-app-3.63.1.tgz",
      "integrity": "sha512-YxBSwmdDLiYXPxlIIf0YhOdZjCGHuAvKMBXDxTBiPCODMuLKf0WkXMQA839UXCPomG5GkBUmZbS/BFJTtFHb2Q==",
      "os": [
        "darwin",
        "linux",
        "win32"
      ],
      "bin": {
        "create-app": "bin/run.js"
      },
      "engines": {
        "node": "^18.20.0 || >=20.10.0"
      }
    }
  }
}
