{
  "name": "84254e8d46fdb63c",
  "lockfileVersion": 3,
  "requires": true,
  "packages": {
    "": {
      "dependencies": {
        "create-hydrogen-app": "^1.6.1"
      }
    },
    "node_modules/create-hydrogen-app": {
      "version": "1.6.1",
      "resolved": "https://registry.npmjs.org/create-hydrogen-app/-/create-hydrogen-app-1.6.1.tgz",
      "integrity": "sha512-PJOl/U05FhxZiJj2Idv6GlioemIZ5MeoqtwIj8rhr3VVN4eJh/8MrKuBifjVGxsXFnEd7w7D/9wId0rJmmatFw==",
      "bin": {
        "create-hydrogen": "index.js",
        "create-hydrogen-app": "index.js"
      }
    }
  }
}
